
Microsoft Visual Studio Solution File, Format Version 12.00
# Visual Studio Version 17
VisualStudioVersion = 17.0.31919.166
MinimumVisualStudioVersion = 10.0.40219.1
Project("{8BC9CEB8-8B4A-11D0-8D11-00A0C91BC942}") = "RetroGame", "RetroGame\RetroGame.vcxproj", "{DAB47098-2496-4794-9619-3E10444D8D04}"
EndProject
Global
	GlobalSection(SolutionConfigurationPlatforms) = preSolution
		Debug|x64 = Debug|x64
		Debug|x86 = Debug|x86
		Release|x64 = Release|x64
		Release|x86 = Release|x86
	EndGlobalSection
	GlobalSection(ProjectConfigurationPlatforms) = postSolution
		{DAB47098-2496-4794-9619-3E10444D8D04}.Debug|x64.ActiveCfg = Debug|x64
		{DAB47098-2496-4794-9619-3E10444D8D04}.Debug|x64.Build.0 = Debug|x64
		{DAB47098-2496-4794-9619-3E10444D8D04}.Debug|x86.ActiveCfg = Debug|Win32
		{DAB47098-2496-4794-9619-3E10444D8D04}.Debug|x86.Build.0 = Debug|Win32
		{DAB47098-2496-4794-9619-3E10444D8D04}.Release|x64.ActiveCfg = Release|x64
		{DAB47098-2496-4794-9619-3E10444D8D04}.Release|x64.Build.0 = Release|x64
		{DAB47098-2496-4794-9619-3E10444D8D04}.Release|x86.ActiveCfg = Release|Win32
		{DAB47098-2496-4794-9619-3E10444D8D04}.Release|x86.Build.0 = Release|Win32
	EndGlobalSection
	GlobalSection(SolutionProperties) = preSolution
		HideSolutionNode = FALSE
	EndGlobalSection
	GlobalSection(ExtensibilityGlobals) = postSolution
		SolutionGuid = {113B3752-D37A-46F5-B067-F1F647DCA6E3}
	EndGlobalSection
EndGlobal
